
Microsoft Visual Studio Solution File, Format Version 12.00
# Visual Studio Version 17
VisualStudioVersion = 17.4.33213.308
MinimumVisualStudioVersion = 10.0.40219.1
Project("{FAE04EC0-301F-11D3-BF4B-00C04F79EFBC}") = "PeliculasApp", "Peliculas_aplication\PeliculasApp.csproj", "{F6EC8980-9584-44EB-96EB-5FFB0A07F576}"
EndProject
Global
	GlobalSection(SolutionConfigurationPlatforms) = preSolution
		Debug|Any CPU = Debug|Any CPU
		Release|Any CPU = Release|Any CPU
	EndGlobalSection
	GlobalSection(ProjectConfigurationPlatforms) = postSolution
		{F6EC8980-9584-44EB-96EB-5FFB0A07F576}.Debug|Any CPU.ActiveCfg = Debug|Any CPU
		{F6EC8980-9584-44EB-96EB-5FFB0A07F576}.Debug|Any CPU.Build.0 = Debug|Any CPU
		{F6EC8980-9584-44EB-96EB-5FFB0A07F576}.Release|Any CPU.ActiveCfg = Release|Any CPU
		{F6EC8980-9584-44EB-96EB-5FFB0A07F576}.Release|Any CPU.Build.0 = Release|Any CPU
	EndGlobalSection
	GlobalSection(SolutionProperties) = preSolution
		HideSolutionNode = FALSE
	EndGlobalSection
	GlobalSection(ExtensibilityGlobals) = postSolution
		SolutionGuid = {5104DE2D-E98C-42BB-B7A4-1D44F805376D}
	EndGlobalSection
EndGlobal
